
Microsoft Visual Studio Solution File, Format Version 12.00
# Visual Studio Version 17
VisualStudioVersion = 17.2.32519.379
MinimumVisualStudioVersion = 10.0.40219.1
Project("{FAE04EC0-301F-11D3-BF4B-00C04F79EFBC}") = "WebApiAutores", "WebApiAutores\WebApiAutores.csproj", "{99603FFD-3928-4522-A659-F70C46EA6024}"
EndProject
Project("{FAE04EC0-301F-11D3-BF4B-00C04F79EFBC}") = "WebApiAutores.UnitTests", "WebApiAutoresTests\WebApiAutores.UnitTests.csproj", "{6005130F-0504-4624-A942-E0A2F2632105}"
EndProject
Global
	GlobalSection(SolutionConfigurationPlatforms) = preSolution
		Debug|Any CPU = Debug|Any CPU
		Release|Any CPU = Release|Any CPU
	EndGlobalSection
	GlobalSection(ProjectConfigurationPlatforms) = postSolution
		{99603FFD-3928-4522-A659-F70C46EA6024}.Debug|Any CPU.ActiveCfg = Debug|Any CPU
		{99603FFD-3928-4522-A659-F70C46EA6024}.Debug|Any CPU.Build.0 = Debug|Any CPU
		{99603FFD-3928-4522-A659-F70C46EA6024}.Release|Any CPU.ActiveCfg = Release|Any CPU
		{99603FFD-3928-4522-A659-F70C46EA6024}.Release|Any CPU.Build.0 = Release|Any CPU
		{6005130F-0504-4624-A942-E0A2F2632105}.Debug|Any CPU.ActiveCfg = Debug|Any CPU
		{6005130F-0504-4624-A942-E0A2F2632105}.Debug|Any CPU.Build.0 = Debug|Any CPU
		{6005130F-0504-4624-A942-E0A2F2632105}.Release|Any CPU.ActiveCfg = Release|Any CPU
		{6005130F-0504-4624-A942-E0A2F2632105}.Release|Any CPU.Build.0 = Release|Any CPU
	EndGlobalSection
	GlobalSection(SolutionProperties) = preSolution
		HideSolutionNode = FALSE
	EndGlobalSection
	GlobalSection(ExtensibilityGlobals) = postSolution
		SolutionGuid = {BC9FCF1F-286C-44B2-BEDB-C81AAF8FF855}
	EndGlobalSection
EndGlobal
